PODS:
  - AFNetworking (3.2.1):
    - AFNetworking/NSURLSession (= 3.2.1)
    - AFNetworking/Reachability (= 3.2.1)
    - AFNetworking/Security (= 3.2.1)
    - AFNetworking/Serialization (= 3.2.1)
    - AFNetworking/UIKit (= 3.2.1)
  - AFNetworking/NSURLSession (3.2.1):
    - AFNetworking/Reachability
    - AFNetworking/Security
    - AFNetworking/Serialization
  - AFNetworking/Reachability (3.2.1)
  - AFNetworking/Security (3.2.1)
  - AFNetworking/Serialization (3.2.1)
  - AFNetworking/UIKit (3.2.1):
    - AFNetworking/NSURLSession
  - CHGAdapter (0.3.6):
    - DZNEmptyDataSet (~> 1.8.1)
  - CYLTabBarController (1.24.1):
    - CYLTabBarController/Core (= 1.24.1)
  - CYLTabBarController/Core (1.24.1)
  - DFPlayer (1.0.5)
  - DOUAudioStreamer (0.2.15)
  - DZNEmptyDataSet (1.8.1)
  - JXBWebKit (1.1.1)
  - JXCategoryView (1.3.5)
  - MJExtension (3.0.17)
  - SDWebImage (5.0.3):
    - SDWebImage/Core (= 5.0.3)
  - SDWebImage/Core (5.0.3)
  - XJScanQRCode (1.0.0)
  - XJTools (1.0.10)
  - XMNetworking (1.1.0):
    - AFNetworking (~> 3.0)
  - YYText (1.0.7)

DEPENDENCIES:
  - CHGAdapter
  - CYLTabBarController
  - DFPlayer
  - DOUAudioStreamer
  - JXBWebKit
  - JXCategoryView
  - MJExtension
  - SDWebImage
  - XJScanQRCode
  - XJTools
  - XMNetworking
  - YYText

SPEC REPOS:
  https://github.com/cocoapods/specs.git:
    - AFNetworking
    - CHGAdapter
    - CYLTabBarController
    - DFPlayer
    - DOUAudioStreamer
    - DZNEmptyDataSet
    - JXBWebKit
    - JXCategoryView
    - MJExtension
    - SDWebImage
    - XJScanQRCode
    - XJTools
    - XMNetworking
    - YYText

SPEC CHECKSUMS:
  AFNetworking: b6f891fdfaed196b46c7a83cf209e09697b94057
  CHGAdapter: 9b032edd60ec7c8acfe2ce39a6f521d77ac6bc64
  CYLTabBarController: 46fa053a2fb165095e04792431ad91a759bb7f9f
  DFPlayer: e4eff7dcd6afaf0042bb0a0b8369fe609defbad4
  DOUAudioStreamer: 14f217bab01b52171fc2bd7d96e1f8fdd50fce68
  DZNEmptyDataSet: 9525833b9e68ac21c30253e1d3d7076cc828eaa7
  JXBWebKit: f9459910a5fce771f971e176ec6fe9f4acb2f333
  JXCategoryView: 0c74d0f534e4dba175f694a84ce32618b3943a86
  MJExtension: 74ec83124a68891619fb7ba9c5c811bbf1691076
  SDWebImage: d4f87d7d36c8a4d9f9459dc282e0caa057fdf935
  XJScanQRCode: 0609be7a8e25ff1fad0dcdeb992f41db3838b487
  XJTools: 22926dbe9485df3cfc7ecfbe58fcb31397aa0e8b
  XMNetworking: 7160cc06f504f325eec515a1e687ee1aa89bc462
  YYText: 5c461d709e24d55a182d1441c41dc639a18a4849

PODFILE CHECKSUM: acd1593c66bd1abd827195059215c9107e99c3ab

COCOAPODS: 1.6.1
