// !$*UTF8*$!
{
	archiveVersion = 1;
	classes = {
	};
	objectVersion = 50;
	objects = {

/* Begin PBXBuildFile section */
		6257CA3A228BBA400075E5CA /* VerificationCodeView.m in Sources */ = {isa = PBXBuildFile; fileRef = 6257CA39228BBA400075E5CA /* VerificationCodeView.m */; };
		6257CA3D228BDEB40075E5CA /* PasswordView.m in Sources */ = {isa = PBXBuildFile; fileRef = 6257CA3C228BDEB40075E5CA /* PasswordView.m */; };
		6257CA44228C13DA0075E5CA /* XJSetTableViewController.m in Sources */ = {isa = PBXBuildFile; fileRef = 6257CA43228C13DA0075E5CA /* XJSetTableViewController.m */; };
		628DA9F3228BB6B400233CDF /* RegisterViewController.m in Sources */ = {isa = PBXBuildFile; fileRef = 628DA9F2228BB6B400233CDF /* RegisterViewController.m */; };
		62B7D534228D04560057ECAC /* XJBaseCellModel.m in Sources */ = {isa = PBXBuildFile; fileRef = 62B7D533228D04560057ECAC /* XJBaseCellModel.m */; };
		62B7D538228D0CB50057ECAC /* XJBaseTableViewCell.m in Sources */ = {isa = PBXBuildFile; fileRef = 62B7D537228D0CB50057ECAC /* XJBaseTableViewCell.m */; };
		62B7D541228D31C10057ECAC /* CALayer+Addition.m in Sources */ = {isa = PBXBuildFile; fileRef = 62B7D540228D31C10057ECAC /* CALayer+Addition.m */; };
		62B7D544228D390E0057ECAC /* XJTitleCellModel.m in Sources */ = {isa = PBXBuildFile; fileRef = 62B7D543228D390E0057ECAC /* XJTitleCellModel.m */; };
		62B7D546228D3A820057ECAC /* HSSetTableViewController.bundle in Resources */ = {isa = PBXBuildFile; fileRef = 62B7D545228D3A810057ECAC /* HSSetTableViewController.bundle */; };
		62B7D549228D3CFB0057ECAC /* HSSetTableViewControllerConst.m in Sources */ = {isa = PBXBuildFile; fileRef = 62B7D548228D3CFB0057ECAC /* HSSetTableViewControllerConst.m */; };
		62B7D54F228D44CA0057ECAC /* XJTitleCell.m in Sources */ = {isa = PBXBuildFile; fileRef = 62B7D54E228D44CA0057ECAC /* XJTitleCell.m */; };
		62B7D552228D48C90057ECAC /* XJImageCellModel.m in Sources */ = {isa = PBXBuildFile; fileRef = 62B7D551228D48C90057ECAC /* XJImageCellModel.m */; };
		62B7D555228D4B090057ECAC /* XJImageCell.m in Sources */ = {isa = PBXBuildFile; fileRef = 62B7D554228D4B090057ECAC /* XJImageCell.m */; };
		62B7D558228D5D380057ECAC /* XJSwitchCellModel.m in Sources */ = {isa = PBXBuildFile; fileRef = 62B7D557228D5D380057ECAC /* XJSwitchCellModel.m */; };
		62B7D55B228D5E7D0057ECAC /* XJSwitchCell.m in Sources */ = {isa = PBXBuildFile; fileRef = 62B7D55A228D5E7D0057ECAC /* XJSwitchCell.m */; };
		62B7D55E228D5EDE0057ECAC /* XJTextCell.m in Sources */ = {isa = PBXBuildFile; fileRef = 62B7D55D228D5EDE0057ECAC /* XJTextCell.m */; };
		62B7D561228D5F000057ECAC /* XJTextCellModel.m in Sources */ = {isa = PBXBuildFile; fileRef = 62B7D560228D5F000057ECAC /* XJTextCellModel.m */; };
		62B7D564228D62630057ECAC /* XJCustomCellModel.m in Sources */ = {isa = PBXBuildFile; fileRef = 62B7D563228D62630057ECAC /* XJCustomCellModel.m */; };
		62B7D567228D62800057ECAC /* XJCustomCell.m in Sources */ = {isa = PBXBuildFile; fileRef = 62B7D566228D62800057ECAC /* XJCustomCell.m */; };
		62B7D56D228D66260057ECAC /* MineHeaderCell.m in Sources */ = {isa = PBXBuildFile; fileRef = 62B7D56C228D66260057ECAC /* MineHeaderCell.m */; };
		62B7D570228D6AD80057ECAC /* MineHeaderModel.m in Sources */ = {isa = PBXBuildFile; fileRef = 62B7D56F228D6AD80057ECAC /* MineHeaderModel.m */; };
		62C5A9A72293CD8900ADA2B1 /* SongListDetailAdapter.m in Sources */ = {isa = PBXBuildFile; fileRef = 62C5A9A62293CD8900ADA2B1 /* SongListDetailAdapter.m */; };
		62C5A9AA2293CD9F00ADA2B1 /* SongListDetailModel.m in Sources */ = {isa = PBXBuildFile; fileRef = 62C5A9A92293CD9F00ADA2B1 /* SongListDetailModel.m */; };
		62C5A9B12293D43E00ADA2B1 /* SongListDetailCell.m in Sources */ = {isa = PBXBuildFile; fileRef = 62C5A9AF2293D43E00ADA2B1 /* SongListDetailCell.m */; };
		62C5A9B22293D43E00ADA2B1 /* SongListDetailCell.xib in Resources */ = {isa = PBXBuildFile; fileRef = 62C5A9B02293D43E00ADA2B1 /* SongListDetailCell.xib */; };
		62CBDE4B22840D9100BB80E9 /* MainTabBarController.m in Sources */ = {isa = PBXBuildFile; fileRef = 62CBDE4A22840D9100BB80E9 /* MainTabBarController.m */; };
		62CBDE592284120500BB80E9 /* BaseViewController.m in Sources */ = {isa = PBXBuildFile; fileRef = 62CBDE582284120500BB80E9 /* BaseViewController.m */; };
		62CBDE5C2284127200BB80E9 /* AudioPlayerViewController.m in Sources */ = {isa = PBXBuildFile; fileRef = 62CBDE5B2284127200BB80E9 /* AudioPlayerViewController.m */; };
		62CBDE5F2284128700BB80E9 /* MineViewController.m in Sources */ = {isa = PBXBuildFile; fileRef = 62CBDE5E2284128700BB80E9 /* MineViewController.m */; };
		62CBDE622284129000BB80E9 /* FindViewController.m in Sources */ = {isa = PBXBuildFile; fileRef = 62CBDE612284129000BB80E9 /* FindViewController.m */; };
		62CBDE65228412A700BB80E9 /* MyAudioViewController.m in Sources */ = {isa = PBXBuildFile; fileRef = 62CBDE64228412A700BB80E9 /* MyAudioViewController.m */; };
		62CBDE68228412B100BB80E9 /* HomeViewController.m in Sources */ = {isa = PBXBuildFile; fileRef = 62CBDE67228412B100BB80E9 /* HomeViewController.m */; };
		62CBDE6C2284190C00BB80E9 /* CYLPlusButtonSubclass.m in Sources */ = {isa = PBXBuildFile; fileRef = 62CBDE6B2284190C00BB80E9 /* CYLPlusButtonSubclass.m */; };
		62CBDE7022842C6D00BB80E9 /* LoginViewController.m in Sources */ = {isa = PBXBuildFile; fileRef = 62CBDE6F22842C6D00BB80E9 /* LoginViewController.m */; };
		62D8F38F2292844500FBAFF6 /* SongListViewController.m in Sources */ = {isa = PBXBuildFile; fileRef = 62D8F38E2292844500FBAFF6 /* SongListViewController.m */; };
		62D8F39222928E6000FBAFF6 /* SingleSongListViewController.m in Sources */ = {isa = PBXBuildFile; fileRef = 62D8F39122928E6000FBAFF6 /* SingleSongListViewController.m */; };
		62D8F3982292992600FBAFF6 /* SongListCollectionViewCell.m in Sources */ = {isa = PBXBuildFile; fileRef = 62D8F3962292992600FBAFF6 /* SongListCollectionViewCell.m */; };
		62D8F3992292992600FBAFF6 /* SongListCollectionViewCell.xib in Resources */ = {isa = PBXBuildFile; fileRef = 62D8F3972292992600FBAFF6 /* SongListCollectionViewCell.xib */; };
		62D8F3A12292A56300FBAFF6 /* SongListModel.m in Sources */ = {isa = PBXBuildFile; fileRef = 62D8F3A02292A56300FBAFF6 /* SongListModel.m */; };
		62D8F3A52292AD5600FBAFF6 /* SongListDetailViewController.m in Sources */ = {isa = PBXBuildFile; fileRef = 62D8F3A42292AD5600FBAFF6 /* SongListDetailViewController.m */; };
		62D9F1F42277F242007F1068 /* AppDelegate.m in Sources */ = {isa = PBXBuildFile; fileRef = 62D9F1F32277F242007F1068 /* AppDelegate.m */; };
		62D9F1F72277F242007F1068 /* ViewController.m in Sources */ = {isa = PBXBuildFile; fileRef = 62D9F1F62277F242007F1068 /* ViewController.m */; };
		62D9F1FA2277F242007F1068 /* Main.storyboard in Resources */ = {isa = PBXBuildFile; fileRef = 62D9F1F82277F242007F1068 /* Main.storyboard */; };
		62D9F1FC2277F24B007F1068 /* Assets.xcassets in Resources */ = {isa = PBXBuildFile; fileRef = 62D9F1FB2277F24B007F1068 /* Assets.xcassets */; };
		62D9F1FF2277F24B007F1068 /* LaunchScreen.storyboard in Resources */ = {isa = PBXBuildFile; fileRef = 62D9F1FD2277F24B007F1068 /* LaunchScreen.storyboard */; };
		62D9F2022277F24B007F1068 /* main.m in Sources */ = {isa = PBXBuildFile; fileRef = 62D9F2012277F24B007F1068 /* main.m */; };
		62E1468A228E953E00BC7709 /* NetworkManager.m in Sources */ = {isa = PBXBuildFile; fileRef = 62E14689228E953E00BC7709 /* NetworkManager.m */; };
		C7681D227DC06F413EC4DC26 /* Pods_TestDemo.framework in Frameworks */ = {isa = PBXBuildFile; fileRef = 2BAAB3D5AA767FB7581596D6 /* Pods_TestDemo.framework */; };
/* End PBXBuildFile section */

/* Begin PBXFileReference section */
		2BAAB3D5AA767FB7581596D6 /* Pods_TestDemo.framework */ = {isa = PBXFileReference; explicitFileType = wrapper.framework; includeInIndex = 0; path = Pods_TestDemo.framework; sourceTree = BUILT_PRODUCTS_DIR; };
		6257CA38228BBA400075E5CA /* VerificationCodeView.h */ = {isa = PBXFileReference; lastKnownFileType = sourcecode.c.h; path = VerificationCodeView.h; sourceTree = "<group>"; };
		6257CA39228BBA400075E5CA /* VerificationCodeView.m */ = {isa = PBXFileReference; lastKnownFileType = sourcecode.c.objc; path = VerificationCodeView.m; sourceTree = "<group>"; };
		6257CA3B228BDEB40075E5CA /* PasswordView.h */ = {isa = PBXFileReference; lastKnownFileType = sourcecode.c.h; path = PasswordView.h; sourceTree = "<group>"; };
		6257CA3C228BDEB40075E5CA /* PasswordView.m */ = {isa = PBXFileReference; lastKnownFileType = sourcecode.c.objc; path = PasswordView.m; sourceTree = "<group>"; };
		6257CA42228C13DA0075E5CA /* XJSetTableViewController.h */ = {isa = PBXFileReference; lastKnownFileType = sourcecode.c.h; path = XJSetTableViewController.h; sourceTree = "<group>"; };
		6257CA43228C13DA0075E5CA /* XJSetTableViewController.m */ = {isa = PBXFileReference; lastKnownFileType = sourcecode.c.objc; path = XJSetTableViewController.m; sourceTree = "<group>"; };
		628DA9F1228BB6B400233CDF /* RegisterViewController.h */ = {isa = PBXFileReference; lastKnownFileType = sourcecode.c.h; path = RegisterViewController.h; sourceTree = "<group>"; };
		628DA9F2228BB6B400233CDF /* RegisterViewController.m */ = {isa = PBXFileReference; lastKnownFileType = sourcecode.c.objc; path = RegisterViewController.m; sourceTree = "<group>"; };
		62B7D532228D04560057ECAC /* XJBaseCellModel.h */ = {isa = PBXFileReference; lastKnownFileType = sourcecode.c.h; path = XJBaseCellModel.h; sourceTree = "<group>"; };
		62B7D533228D04560057ECAC /* XJBaseCellModel.m */ = {isa = PBXFileReference; lastKnownFileType = sourcecode.c.objc; path = XJBaseCellModel.m; sourceTree = "<group>"; };
		62B7D536228D0CB50057ECAC /* XJBaseTableViewCell.h */ = {isa = PBXFileReference; lastKnownFileType = sourcecode.c.h; path = XJBaseTableViewCell.h; sourceTree = "<group>"; };
		62B7D537228D0CB50057ECAC /* XJBaseTableViewCell.m */ = {isa = PBXFileReference; lastKnownFileType = sourcecode.c.objc; path = XJBaseTableViewCell.m; sourceTree = "<group>"; };
		62B7D53F228D31C10057ECAC /* CALayer+Addition.h */ = {isa = PBXFileReference; lastKnownFileType = sourcecode.c.h; path = "CALayer+Addition.h"; sourceTree = "<group>"; };
		62B7D540228D31C10057ECAC /* CALayer+Addition.m */ = {isa = PBXFileReference; lastKnownFileType = sourcecode.c.objc; path = "CALayer+Addition.m"; sourceTree = "<group>"; };
		62B7D542228D390E0057ECAC /* XJTitleCellModel.h */ = {isa = PBXFileReference; lastKnownFileType = sourcecode.c.h; path = XJTitleCellModel.h; sourceTree = "<group>"; };
		62B7D543228D390E0057ECAC /* XJTitleCellModel.m */ = {isa = PBXFileReference; lastKnownFileType = sourcecode.c.objc; path = XJTitleCellModel.m; sourceTree = "<group>"; };
		62B7D545228D3A810057ECAC /* HSSetTableViewController.bundle */ = {isa = PBXFileReference; lastKnownFileType = "wrapper.plug-in"; path = HSSetTableViewController.bundle; sourceTree = "<group>"; };
		62B7D547228D3CFB0057ECAC /* HSSetTableViewControllerConst.h */ = {isa = PBXFileReference; fileEncoding = 4; lastKnownFileType = sourcecode.c.h; path = HSSetTableViewControllerConst.h; sourceTree = "<group>"; };
		62B7D548228D3CFB0057ECAC /* HSSetTableViewControllerConst.m */ = {isa = PBXFileReference; fileEncoding = 4; lastKnownFileType = sourcecode.c.objc; path = HSSetTableViewControllerConst.m; sourceTree = "<group>"; };
		62B7D54B228D3E950057ECAC /* XJSetTable.h */ = {isa = PBXFileReference; lastKnownFileType = sourcecode.c.h; path = XJSetTable.h; sourceTree = "<group>"; };
		62B7D54D228D44CA0057ECAC /* XJTitleCell.h */ = {isa = PBXFileReference; lastKnownFileType = sourcecode.c.h; path = XJTitleCell.h; sourceTree = "<group>"; };
		62B7D54E228D44CA0057ECAC /* XJTitleCell.m */ = {isa = PBXFileReference; lastKnownFileType = sourcecode.c.objc; path = XJTitleCell.m; sourceTree = "<group>"; };
		62B7D550228D48C90057ECAC /* XJImageCellModel.h */ = {isa = PBXFileReference; lastKnownFileType = sourcecode.c.h; path = XJImageCellModel.h; sourceTree = "<group>"; };
		62B7D551228D48C90057ECAC /* XJImageCellModel.m */ = {isa = PBXFileReference; lastKnownFileType = sourcecode.c.objc; path = XJImageCellModel.m; sourceTree = "<group>"; };
		62B7D553228D4B090057ECAC /* XJImageCell.h */ = {isa = PBXFileReference; lastKnownFileType = sourcecode.c.h; path = XJImageCell.h; sourceTree = "<group>"; };
		62B7D554228D4B090057ECAC /* XJImageCell.m */ = {isa = PBXFileReference; lastKnownFileType = sourcecode.c.objc; path = XJImageCell.m; sourceTree = "<group>"; };
		62B7D556228D5D380057ECAC /* XJSwitchCellModel.h */ = {isa = PBXFileReference; lastKnownFileType = sourcecode.c.h; path = XJSwitchCellModel.h; sourceTree = "<group>"; };
		62B7D557228D5D380057ECAC /* XJSwitchCellModel.m */ = {isa = PBXFileReference; lastKnownFileType = sourcecode.c.objc; path = XJSwitchCellModel.m; sourceTree = "<group>"; };
		62B7D559228D5E7D0057ECAC /* XJSwitchCell.h */ = {isa = PBXFileReference; lastKnownFileType = sourcecode.c.h; path = XJSwitchCell.h; sourceTree = "<group>"; };
		62B7D55A228D5E7D0057ECAC /* XJSwitchCell.m */ = {isa = PBXFileReference; lastKnownFileType = sourcecode.c.objc; path = XJSwitchCell.m; sourceTree = "<group>"; };
		62B7D55C228D5EDE0057ECAC /* XJTextCell.h */ = {isa = PBXFileReference; lastKnownFileType = sourcecode.c.h; path = XJTextCell.h; sourceTree = "<group>"; };
		62B7D55D228D5EDE0057ECAC /* XJTextCell.m */ = {isa = PBXFileReference; lastKnownFileType = sourcecode.c.objc; path = XJTextCell.m; sourceTree = "<group>"; };
		62B7D55F228D5F000057ECAC /* XJTextCellModel.h */ = {isa = PBXFileReference; lastKnownFileType = sourcecode.c.h; path = XJTextCellModel.h; sourceTree = "<group>"; };
		62B7D560228D5F000057ECAC /* XJTextCellModel.m */ = {isa = PBXFileReference; lastKnownFileType = sourcecode.c.objc; path = XJTextCellModel.m; sourceTree = "<group>"; };
		62B7D562228D62630057ECAC /* XJCustomCellModel.h */ = {isa = PBXFileReference; lastKnownFileType = sourcecode.c.h; path = XJCustomCellModel.h; sourceTree = "<group>"; };
		62B7D563228D62630057ECAC /* XJCustomCellModel.m */ = {isa = PBXFileReference; lastKnownFileType = sourcecode.c.objc; path = XJCustomCellModel.m; sourceTree = "<group>"; };
		62B7D565228D62800057ECAC /* XJCustomCell.h */ = {isa = PBXFileReference; lastKnownFileType = sourcecode.c.h; path = XJCustomCell.h; sourceTree = "<group>"; };
		62B7D566228D62800057ECAC /* XJCustomCell.m */ = {isa = PBXFileReference; lastKnownFileType = sourcecode.c.objc; path = XJCustomCell.m; sourceTree = "<group>"; };
		62B7D56B228D66260057ECAC /* MineHeaderCell.h */ = {isa = PBXFileReference; lastKnownFileType = sourcecode.c.h; path = MineHeaderCell.h; sourceTree = "<group>"; };
		62B7D56C228D66260057ECAC /* MineHeaderCell.m */ = {isa = PBXFileReference; lastKnownFileType = sourcecode.c.objc; path = MineHeaderCell.m; sourceTree = "<group>"; };
		62B7D56E228D6AD80057ECAC /* MineHeaderModel.h */ = {isa = PBXFileReference; lastKnownFileType = sourcecode.c.h; path = MineHeaderModel.h; sourceTree = "<group>"; };
		62B7D56F228D6AD80057ECAC /* MineHeaderModel.m */ = {isa = PBXFileReference; lastKnownFileType = sourcecode.c.objc; path = MineHeaderModel.m; sourceTree = "<group>"; };
		62C5A9A52293CD8900ADA2B1 /* SongListDetailAdapter.h */ = {isa = PBXFileReference; lastKnownFileType = sourcecode.c.h; path = SongListDetailAdapter.h; sourceTree = "<group>"; };
		62C5A9A62293CD8900ADA2B1 /* SongListDetailAdapter.m */ = {isa = PBXFileReference; lastKnownFileType = sourcecode.c.objc; path = SongListDetailAdapter.m; sourceTree = "<group>"; };
		62C5A9A82293CD9F00ADA2B1 /* SongListDetailModel.h */ = {isa = PBXFileReference; lastKnownFileType = sourcecode.c.h; path = SongListDetailModel.h; sourceTree = "<group>"; };
		62C5A9A92293CD9F00ADA2B1 /* SongListDetailModel.m */ = {isa = PBXFileReference; lastKnownFileType = sourcecode.c.objc; path = SongListDetailModel.m; sourceTree = "<group>"; };
		62C5A9AE2293D43E00ADA2B1 /* SongListDetailCell.h */ = {isa = PBXFileReference; lastKnownFileType = sourcecode.c.h; path = SongListDetailCell.h; sourceTree = "<group>"; };
		62C5A9AF2293D43E00ADA2B1 /* SongListDetailCell.m */ = {isa = PBXFileReference; lastKnownFileType = sourcecode.c.objc; path = SongListDetailCell.m; sourceTree = "<group>"; };
		62C5A9B02293D43E00ADA2B1 /* SongListDetailCell.xib */ = {isa = PBXFileReference; lastKnownFileType = file.xib; path = SongListDetailCell.xib; sourceTree = "<group>"; };
		62CBDE4922840D9100BB80E9 /* MainTabBarController.h */ = {isa = PBXFileReference; lastKnownFileType = sourcecode.c.h; path = MainTabBarController.h; sourceTree = "<group>"; };
		62CBDE4A22840D9100BB80E9 /* MainTabBarController.m */ = {isa = PBXFileReference; lastKnownFileType = sourcecode.c.objc; path = MainTabBarController.m; sourceTree = "<group>"; };
		62CBDE572284120500BB80E9 /* BaseViewController.h */ = {isa = PBXFileReference; lastKnownFileType = sourcecode.c.h; path = BaseViewController.h; sourceTree = "<group>"; };
		62CBDE582284120500BB80E9 /* BaseViewController.m */ = {isa = PBXFileReference; lastKnownFileType = sourcecode.c.objc; path = BaseViewController.m; sourceTree = "<group>"; };
		62CBDE5A2284127200BB80E9 /* AudioPlayerViewController.h */ = {isa = PBXFileReference; lastKnownFileType = sourcecode.c.h; path = AudioPlayerViewController.h; sourceTree = "<group>"; };
		62CBDE5B2284127200BB80E9 /* AudioPlayerViewController.m */ = {isa = PBXFileReference; lastKnownFileType = sourcecode.c.objc; path = AudioPlayerViewController.m; sourceTree = "<group>"; };
		62CBDE5D2284128700BB80E9 /* MineViewController.h */ = {isa = PBXFileReference; lastKnownFileType = sourcecode.c.h; path = MineViewController.h; sourceTree = "<group>"; };
		62CBDE5E2284128700BB80E9 /* MineViewController.m */ = {isa = PBXFileReference; lastKnownFileType = sourcecode.c.objc; path = MineViewController.m; sourceTree = "<group>"; };
		62CBDE602284129000BB80E9 /* FindViewController.h */ = {isa = PBXFileReference; lastKnownFileType = sourcecode.c.h; path = FindViewController.h; sourceTree = "<group>"; };
		62CBDE612284129000BB80E9 /* FindViewController.m */ = {isa = PBXFileReference; lastKnownFileType = sourcecode.c.objc; path = FindViewController.m; sourceTree = "<group>"; };
		62CBDE63228412A700BB80E9 /* MyAudioViewController.h */ = {isa = PBXFileReference; lastKnownFileType = sourcecode.c.h; path = MyAudioViewController.h; sourceTree = "<group>"; };
		62CBDE64228412A700BB80E9 /* MyAudioViewController.m */ = {isa = PBXFileReference; lastKnownFileType = sourcecode.c.objc; path = MyAudioViewController.m; sourceTree = "<group>"; };
		62CBDE66228412B100BB80E9 /* HomeViewController.h */ = {isa = PBXFileReference; lastKnownFileType = sourcecode.c.h; path = HomeViewController.h; sourceTree = "<group>"; };
		62CBDE67228412B100BB80E9 /* HomeViewController.m */ = {isa = PBXFileReference; lastKnownFileType = sourcecode.c.objc; path = HomeViewController.m; sourceTree = "<group>"; };
		62CBDE6A2284190C00BB80E9 /* CYLPlusButtonSubclass.h */ = {isa = PBXFileReference; fileEncoding = 4; lastKnownFileType = sourcecode.c.h; path = CYLPlusButtonSubclass.h; sourceTree = "<group>"; };
		62CBDE6B2284190C00BB80E9 /* CYLPlusButtonSubclass.m */ = {isa = PBXFileReference; fileEncoding = 4; lastKnownFileType = sourcecode.c.objc; path = CYLPlusButtonSubclass.m; sourceTree = "<group>"; };
		62CBDE6E22842C6D00BB80E9 /* LoginViewController.h */ = {isa = PBXFileReference; lastKnownFileType = sourcecode.c.h; path = LoginViewController.h; sourceTree = "<group>"; };
		62CBDE6F22842C6D00BB80E9 /* LoginViewController.m */ = {isa = PBXFileReference; lastKnownFileType = sourcecode.c.objc; path = LoginViewController.m; sourceTree = "<group>"; };
		62D59DB1228945E0005CBD23 /* TestDemo.pch */ = {isa = PBXFileReference; lastKnownFileType = sourcecode.c.h; path = TestDemo.pch; sourceTree = "<group>"; };
		62D8F38D2292844500FBAFF6 /* SongListViewController.h */ = {isa = PBXFileReference; lastKnownFileType = sourcecode.c.h; path = SongListViewController.h; sourceTree = "<group>"; };
		62D8F38E2292844500FBAFF6 /* SongListViewController.m */ = {isa = PBXFileReference; lastKnownFileType = sourcecode.c.objc; path = SongListViewController.m; sourceTree = "<group>"; };
		62D8F39022928E6000FBAFF6 /* SingleSongListViewController.h */ = {isa = PBXFileReference; lastKnownFileType = sourcecode.c.h; path = SingleSongListViewController.h; sourceTree = "<group>"; };
		62D8F39122928E6000FBAFF6 /* SingleSongListViewController.m */ = {isa = PBXFileReference; lastKnownFileType = sourcecode.c.objc; path = SingleSongListViewController.m; sourceTree = "<group>"; };
		62D8F3952292992600FBAFF6 /* SongListCollectionViewCell.h */ = {isa = PBXFileReference; lastKnownFileType = sourcecode.c.h; path = SongListCollectionViewCell.h; sourceTree = "<group>"; };
		62D8F3962292992600FBAFF6 /* SongListCollectionViewCell.m */ = {isa = PBXFileReference; lastKnownFileType = sourcecode.c.objc; path = SongListCollectionViewCell.m; sourceTree = "<group>"; };
		62D8F3972292992600FBAFF6 /* SongListCollectionViewCell.xib */ = {isa = PBXFileReference; lastKnownFileType = file.xib; path = SongListCollectionViewCell.xib; sourceTree = "<group>"; };
		62D8F39F2292A56300FBAFF6 /* SongListModel.h */ = {isa = PBXFileReference; lastKnownFileType = sourcecode.c.h; path = SongListModel.h; sourceTree = "<group>"; };
		62D8F3A02292A56300FBAFF6 /* SongListModel.m */ = {isa = PBXFileReference; lastKnownFileType = sourcecode.c.objc; path = SongListModel.m; sourceTree = "<group>"; };
		62D8F3A32292AD5600FBAFF6 /* SongListDetailViewController.h */ = {isa = PBXFileReference; lastKnownFileType = sourcecode.c.h; path = SongListDetailViewController.h; sourceTree = "<group>"; };
		62D8F3A42292AD5600FBAFF6 /* SongListDetailViewController.m */ = {isa = PBXFileReference; lastKnownFileType = sourcecode.c.objc; path = SongListDetailViewController.m; sourceTree = "<group>"; };
		62D9F1EF2277F242007F1068 /* TestDemo.app */ = {isa = PBXFileReference; explicitFileType = wrapper.application; includeInIndex = 0; path = TestDemo.app; sourceTree = BUILT_PRODUCTS_DIR; };
		62D9F1F22277F242007F1068 /* AppDelegate.h */ = {isa = PBXFileReference; lastKnownFileType = sourcecode.c.h; path = AppDelegate.h; sourceTree = "<group>"; };
		62D9F1F32277F242007F1068 /* AppDelegate.m */ = {isa = PBXFileReference; lastKnownFileType = sourcecode.c.objc; path = AppDelegate.m; sourceTree = "<group>"; };
		62D9F1F52277F242007F1068 /* ViewController.h */ = {isa = PBXFileReference; lastKnownFileType = sourcecode.c.h; path = ViewController.h; sourceTree = "<group>"; };
		62D9F1F62277F242007F1068 /* ViewController.m */ = {isa = PBXFileReference; lastKnownFileType = sourcecode.c.objc; path = ViewController.m; sourceTree = "<group>"; };
		62D9F1F92277F242007F1068 /* Base */ = {isa = PBXFileReference; lastKnownFileType = file.storyboard; name = Base; path = Base.lproj/Main.storyboard; sourceTree = "<group>"; };
		62D9F1FB2277F24B007F1068 /* Assets.xcassets */ = {isa = PBXFileReference; lastKnownFileType = folder.assetcatalog; path = Assets.xcassets; sourceTree = "<group>"; };
		62D9F1FE2277F24B007F1068 /* Base */ = {isa = PBXFileReference; lastKnownFileType = file.storyboard; name = Base; path = Base.lproj/LaunchScreen.storyboard; sourceTree = "<group>"; };
		62D9F2002277F24B007F1068 /* Info.plist */ = {isa = PBXFileReference; lastKnownFileType = text.plist.xml; path = Info.plist; sourceTree = "<group>"; };
		62D9F2012277F24B007F1068 /* main.m */ = {isa = PBXFileReference; lastKnownFileType = sourcecode.c.objc; path = main.m; sourceTree = "<group>"; };
		62E14688228E953E00BC7709 /* NetworkManager.h */ = {isa = PBXFileReference; lastKnownFileType = sourcecode.c.h; path = NetworkManager.h; sourceTree = "<group>"; };
		62E14689228E953E00BC7709 /* NetworkManager.m */ = {isa = PBXFileReference; lastKnownFileType = sourcecode.c.objc; path = NetworkManager.m; sourceTree = "<group>"; };
		91AF616E64C313C914261D41 /* Pods-TestDemo.debug.xcconfig */ = {isa = PBXFileReference; includeInIndex = 1; lastKnownFileType = text.xcconfig; name = "Pods-TestDemo.debug.xcconfig"; path = "Target Support Files/Pods-TestDemo/Pods-TestDemo.debug.xcconfig"; sourceTree = "<group>"; };
		C2E764EABC299FC14EA0FE15 /* Pods-TestDemo.release.xcconfig */ = {isa = PBXFileReference; includeInIndex = 1; lastKnownFileType = text.xcconfig; name = "Pods-TestDemo.release.xcconfig"; path = "Target Support Files/Pods-TestDemo/Pods-TestDemo.release.xcconfig"; sourceTree = "<group>"; };
/* End PBXFileReference section */

/* Begin PBXFrameworksBuildPhase section */
		62D9F1EC2277F242007F1068 /* Frameworks */ = {
			isa = PBXFrameworksBuildPhase;
			buildActionMask = 2147483647;
			files = (
				C7681D227DC06F413EC4DC26 /* Pods_TestDemo.framework in Frameworks */,
			);
			runOnlyForDeploymentPostprocessing = 0;
		};
/* End PBXFrameworksBuildPhase section */

/* Begin PBXGroup section */
		5121D0D60B11A9F9CFF6FC2F /* Frameworks */ = {
			isa = PBXGroup;
			children = (
				2BAAB3D5AA767FB7581596D6 /* Pods_TestDemo.framework */,
			);
			name = Frameworks;
			sourceTree = "<group>";
		};
		6257CA35228BB9450075E5CA /* Controllers */ = {
			isa = PBXGroup;
			children = (
				62CBDE6E22842C6D00BB80E9 /* LoginViewController.h */,
				62CBDE6F22842C6D00BB80E9 /* LoginViewController.m */,
				628DA9F1228BB6B400233CDF /* RegisterViewController.h */,
				628DA9F2228BB6B400233CDF /* RegisterViewController.m */,
			);
			path = Controllers;
			sourceTree = "<group>";
		};
		6257CA37228BB9560075E5CA /* Views */ = {
			isa = PBXGroup;
			children = (
				6257CA38228BBA400075E5CA /* VerificationCodeView.h */,
				6257CA39228BBA400075E5CA /* VerificationCodeView.m */,
				6257CA3B228BDEB40075E5CA /* PasswordView.h */,
				6257CA3C228BDEB40075E5CA /* PasswordView.m */,
			);
			path = Views;
			sourceTree = "<group>";
		};
		6257CA3F228C135F0075E5CA /* TableView */ = {
			isa = PBXGroup;
			children = (
				62B7D54C228D3E9B0057ECAC /* Other */,
				62B7D535228D0C9A0057ECAC /* Views */,
				62B7D531228CECFD0057ECAC /* Model */,
				6257CA41228C13B20075E5CA /* Controller */,
			);
			path = TableView;
			sourceTree = "<group>";
		};
		6257CA41228C13B20075E5CA /* Controller */ = {
			isa = PBXGroup;
			children = (
				6257CA42228C13DA0075E5CA /* XJSetTableViewController.h */,
				6257CA43228C13DA0075E5CA /* XJSetTableViewController.m */,
			);
			path = Controller;
			sourceTree = "<group>";
		};
		62B7D531228CECFD0057ECAC /* Model */ = {
			isa = PBXGroup;
			children = (
				62B7D532228D04560057ECAC /* XJBaseCellModel.h */,
				62B7D533228D04560057ECAC /* XJBaseCellModel.m */,
				62B7D542228D390E0057ECAC /* XJTitleCellModel.h */,
				62B7D543228D390E0057ECAC /* XJTitleCellModel.m */,
				62B7D550228D48C90057ECAC /* XJImageCellModel.h */,
				62B7D551228D48C90057ECAC /* XJImageCellModel.m */,
				62B7D556228D5D380057ECAC /* XJSwitchCellModel.h */,
				62B7D557228D5D380057ECAC /* XJSwitchCellModel.m */,
				62B7D55F228D5F000057ECAC /* XJTextCellModel.h */,
				62B7D560228D5F000057ECAC /* XJTextCellModel.m */,
				62B7D562228D62630057ECAC /* XJCustomCellModel.h */,
				62B7D563228D62630057ECAC /* XJCustomCellModel.m */,
			);
			path = Model;
			sourceTree = "<group>";
		};
		62B7D535228D0C9A0057ECAC /* Views */ = {
			isa = PBXGroup;
			children = (
				62B7D536228D0CB50057ECAC /* XJBaseTableViewCell.h */,
				62B7D537228D0CB50057ECAC /* XJBaseTableViewCell.m */,
				62B7D54D228D44CA0057ECAC /* XJTitleCell.h */,
				62B7D54E228D44CA0057ECAC /* XJTitleCell.m */,
				62B7D553228D4B090057ECAC /* XJImageCell.h */,
				62B7D554228D4B090057ECAC /* XJImageCell.m */,
				62B7D559228D5E7D0057ECAC /* XJSwitchCell.h */,
				62B7D55A228D5E7D0057ECAC /* XJSwitchCell.m */,
				62B7D55C228D5EDE0057ECAC /* XJTextCell.h */,
				62B7D55D228D5EDE0057ECAC /* XJTextCell.m */,
				62B7D565228D62800057ECAC /* XJCustomCell.h */,
				62B7D566228D62800057ECAC /* XJCustomCell.m */,
			);
			path = Views;
			sourceTree = "<group>";
		};
		62B7D54C228D3E9B0057ECAC /* Other */ = {
			isa = PBXGroup;
			children = (
				62B7D547228D3CFB0057ECAC /* HSSetTableViewControllerConst.h */,
				62B7D548228D3CFB0057ECAC /* HSSetTableViewControllerConst.m */,
				62B7D545228D3A810057ECAC /* HSSetTableViewController.bundle */,
				62B7D53F228D31C10057ECAC /* CALayer+Addition.h */,
				62B7D540228D31C10057ECAC /* CALayer+Addition.m */,
				62B7D54B228D3E950057ECAC /* XJSetTable.h */,
			);
			path = Other;
			sourceTree = "<group>";
		};
		62B7D568228D65550057ECAC /* Controllers */ = {
			isa = PBXGroup;
			children = (
				62CBDE5D2284128700BB80E9 /* MineViewController.h */,
				62CBDE5E2284128700BB80E9 /* MineViewController.m */,
			);
			path = Controllers;
			sourceTree = "<group>";
		};
		62B7D569228D65630057ECAC /* Views */ = {
			isa = PBXGroup;
			children = (
				62B7D56B228D66260057ECAC /* MineHeaderCell.h */,
				62B7D56C228D66260057ECAC /* MineHeaderCell.m */,
			);
			path = Views;
			sourceTree = "<group>";
		};
		62B7D56A228D656B0057ECAC /* Model */ = {
			isa = PBXGroup;
			children = (
				62B7D56E228D6AD80057ECAC /* MineHeaderModel.h */,
				62B7D56F228D6AD80057ECAC /* MineHeaderModel.m */,
			);
			path = Model;
			sourceTree = "<group>";
		};
		62C5A9A42293CD4800ADA2B1 /* Adapter */ = {
			isa = PBXGroup;
			children = (
				62C5A9A52293CD8900ADA2B1 /* SongListDetailAdapter.h */,
				62C5A9A62293CD8900ADA2B1 /* SongListDetailAdapter.m */,
			);
			path = Adapter;
			sourceTree = "<group>";
		};
		62CBDE482283FE7500BB80E9 /* Tabbar */ = {
			isa = PBXGroup;
			children = (
				62CBDE4922840D9100BB80E9 /* MainTabBarController.h */,
				62CBDE4A22840D9100BB80E9 /* MainTabBarController.m */,
				62CBDE6A2284190C00BB80E9 /* CYLPlusButtonSubclass.h */,
				62CBDE6B2284190C00BB80E9 /* CYLPlusButtonSubclass.m */,
			);
			name = Tabbar;
			path = ../Tabbar;
			sourceTree = "<group>";
		};
		62CBDE4F2284116100BB80E9 /* Classes */ = {
			isa = PBXGroup;
			children = (
				62CBDE6D22842C4C00BB80E9 /* 登录注册 */,
				62CBDE54228411B700BB80E9 /* 音频 */,
				62CBDE53228411AC00BB80E9 /* 我的 */,
				62CBDE52228411A400BB80E9 /* 发现 */,
				62CBDE512284119600BB80E9 /* 我听 */,
				62CBDE502284118300BB80E9 /* 首页 */,
			);
			path = Classes;
			sourceTree = "<group>";
		};
		62CBDE502284118300BB80E9 /* 首页 */ = {
			isa = PBXGroup;
			children = (
				62C5A9A42293CD4800ADA2B1 /* Adapter */,
				62D8F39D2292A1C300FBAFF6 /* Model */,
				62D8F3942292990700FBAFF6 /* View */,
				62D8F393229298FA00FBAFF6 /* Controller */,
			);
			path = "首页";
			sourceTree = "<group>";
		};
		62CBDE512284119600BB80E9 /* 我听 */ = {
			isa = PBXGroup;
			children = (
				62CBDE63228412A700BB80E9 /* MyAudioViewController.h */,
				62CBDE64228412A700BB80E9 /* MyAudioViewController.m */,
			);
			path = "我听";
			sourceTree = "<group>";
		};
		62CBDE52228411A400BB80E9 /* 发现 */ = {
			isa = PBXGroup;
			children = (
				62CBDE602284129000BB80E9 /* FindViewController.h */,
				62CBDE612284129000BB80E9 /* FindViewController.m */,
			);
			path = "发现";
			sourceTree = "<group>";
		};
		62CBDE53228411AC00BB80E9 /* 我的 */ = {
			isa = PBXGroup;
			children = (
				62B7D56A228D656B0057ECAC /* Model */,
				62B7D569228D65630057ECAC /* Views */,
				62B7D568228D65550057ECAC /* Controllers */,
			);
			path = "我的";
			sourceTree = "<group>";
		};
		62CBDE54228411B700BB80E9 /* 音频 */ = {
			isa = PBXGroup;
			children = (
				62CBDE5A2284127200BB80E9 /* AudioPlayerViewController.h */,
				62CBDE5B2284127200BB80E9 /* AudioPlayerViewController.m */,
			);
			path = "音频";
			sourceTree = "<group>";
		};
		62CBDE55228411E300BB80E9 /* Base */ = {
			isa = PBXGroup;
			children = (
				6257CA3F228C135F0075E5CA /* TableView */,
				62CBDE56228411F800BB80E9 /* VC */,
				62CBDE482283FE7500BB80E9 /* Tabbar */,
			);
			path = Base;
			sourceTree = "<group>";
		};
		62CBDE56228411F800BB80E9 /* VC */ = {
			isa = PBXGroup;
			children = (
				62CBDE572284120500BB80E9 /* BaseViewController.h */,
				62CBDE582284120500BB80E9 /* BaseViewController.m */,
			);
			path = VC;
			sourceTree = "<group>";
		};
		62CBDE6D22842C4C00BB80E9 /* 登录注册 */ = {
			isa = PBXGroup;
			children = (
				6257CA37228BB9560075E5CA /* Views */,
				6257CA35228BB9450075E5CA /* Controllers */,
			);
			path = "登录注册";
			sourceTree = "<group>";
		};
		62D59DB222894775005CBD23 /* Resource */ = {
			isa = PBXGroup;
			children = (
				62D59DB1228945E0005CBD23 /* TestDemo.pch */,
				62D9F1FB2277F24B007F1068 /* Assets.xcassets */,
				62D9F2002277F24B007F1068 /* Info.plist */,
				62D9F2012277F24B007F1068 /* main.m */,
			);
			path = Resource;
			sourceTree = "<group>";
		};
		62D8F393229298FA00FBAFF6 /* Controller */ = {
			isa = PBXGroup;
			children = (
				62CBDE66228412B100BB80E9 /* HomeViewController.h */,
				62CBDE67228412B100BB80E9 /* HomeViewController.m */,
				62D8F38D2292844500FBAFF6 /* SongListViewController.h */,
				62D8F38E2292844500FBAFF6 /* SongListViewController.m */,
				62D8F39022928E6000FBAFF6 /* SingleSongListViewController.h */,
				62D8F39122928E6000FBAFF6 /* SingleSongListViewController.m */,
				62D8F3A32292AD5600FBAFF6 /* SongListDetailViewController.h */,
				62D8F3A42292AD5600FBAFF6 /* SongListDetailViewController.m */,
			);
			path = Controller;
			sourceTree = "<group>";
		};
		62D8F3942292990700FBAFF6 /* View */ = {
			isa = PBXGroup;
			children = (
				62D8F3952292992600FBAFF6 /* SongListCollectionViewCell.h */,
				62D8F3962292992600FBAFF6 /* SongListCollectionViewCell.m */,
				62D8F3972292992600FBAFF6 /* SongListCollectionViewCell.xib */,
				62C5A9AE2293D43E00ADA2B1 /* SongListDetailCell.h */,
				62C5A9AF2293D43E00ADA2B1 /* SongListDetailCell.m */,
				62C5A9B02293D43E00ADA2B1 /* SongListDetailCell.xib */,
			);
			path = View;
			sourceTree = "<group>";
		};
		62D8F39D2292A1C300FBAFF6 /* Model */ = {
			isa = PBXGroup;
			children = (
				62D8F39F2292A56300FBAFF6 /* SongListModel.h */,
				62D8F3A02292A56300FBAFF6 /* SongListModel.m */,
				62C5A9A82293CD9F00ADA2B1 /* SongListDetailModel.h */,
				62C5A9A92293CD9F00ADA2B1 /* SongListDetailModel.m */,
			);
			name = Model;
			path = ../../../../../Model;
			sourceTree = "<group>";
		};
		62D9F1E62277F242007F1068 = {
			isa = PBXGroup;
			children = (
				62D9F1F12277F242007F1068 /* TestDemo */,
				62D9F1F02277F242007F1068 /* Products */,
				C58749C52138B758A255267E /* Pods */,
				5121D0D60B11A9F9CFF6FC2F /* Frameworks */,
			);
			sourceTree = "<group>";
		};
		62D9F1F02277F242007F1068 /* Products */ = {
			isa = PBXGroup;
			children = (
				62D9F1EF2277F242007F1068 /* TestDemo.app */,
			);
			name = Products;
			sourceTree = "<group>";
		};
		62D9F1F12277F242007F1068 /* TestDemo */ = {
			isa = PBXGroup;
			children = (
				62E14686228E923E00BC7709 /* Tools */,
				62D59DB222894775005CBD23 /* Resource */,
				62CBDE55228411E300BB80E9 /* Base */,
				62CBDE4F2284116100BB80E9 /* Classes */,
				62D9F1F22277F242007F1068 /* AppDelegate.h */,
				62D9F1F32277F242007F1068 /* AppDelegate.m */,
				62D9F1F52277F242007F1068 /* ViewController.h */,
				62D9F1F62277F242007F1068 /* ViewController.m */,
				62D9F1F82277F242007F1068 /* Main.storyboard */,
				62D9F1FD2277F24B007F1068 /* LaunchScreen.storyboard */,
			);
			path = TestDemo;
			sourceTree = "<group>";
		};
		62E14686228E923E00BC7709 /* Tools */ = {
			isa = PBXGroup;
			children = (
				62E14687228E924400BC7709 /* Manager */,
			);
			path = Tools;
			sourceTree = "<group>";
		};
		62E14687228E924400BC7709 /* Manager */ = {
			isa = PBXGroup;
			children = (
				62E14688228E953E00BC7709 /* NetworkManager.h */,
				62E14689228E953E00BC7709 /* NetworkManager.m */,
			);
			path = Manager;
			sourceTree = "<group>";
		};
		C58749C52138B758A255267E /* Pods */ = {
			isa = PBXGroup;
			children = (
				91AF616E64C313C914261D41 /* Pods-TestDemo.debug.xcconfig */,
				C2E764EABC299FC14EA0FE15 /* Pods-TestDemo.release.xcconfig */,
			);
			path = Pods;
			sourceTree = "<group>";
		};
/* End PBXGroup section */

/* Begin PBXNativeTarget section */
		62D9F1EE2277F242007F1068 /* TestDemo */ = {
			isa = PBXNativeTarget;
			buildConfigurationList = 62D9F2052277F24B007F1068 /* Build configuration list for PBXNativeTarget "TestDemo" */;
			buildPhases = (
				FA6B839431EBA0142908B6E4 /* [CP] Check Pods Manifest.lock */,
				62D9F1EB2277F242007F1068 /* Sources */,
				62D9F1EC2277F242007F1068 /* Frameworks */,
				62D9F1ED2277F242007F1068 /* Resources */,
				82847B3F793C7B93DF8F11E7 /* [CP] Embed Pods Frameworks */,
			);
			buildRules = (
			);
			dependencies = (
			);
			name = TestDemo;
			productName = TestDemo;
			productReference = 62D9F1EF2277F242007F1068 /* TestDemo.app */;
			productType = "com.apple.product-type.application";
		};
/* End PBXNativeTarget section */

/* Begin PBXProject section */
		62D9F1E72277F242007F1068 /* Project object */ = {
			isa = PBXProject;
			attributes = {
				LastUpgradeCheck = 1020;
				ORGANIZATIONNAME = taishu;
				TargetAttributes = {
					62D9F1EE2277F242007F1068 = {
						CreatedOnToolsVersion = 10.2.1;
					};
				};
			};
			buildConfigurationList = 62D9F1EA2277F242007F1068 /* Build configuration list for PBXProject "TestDemo" */;
			compatibilityVersion = "Xcode 9.3";
			developmentRegion = en;
			hasScannedForEncodings = 0;
			knownRegions = (
				en,
				Base,
			);
			mainGroup = 62D9F1E62277F242007F1068;
			productRefGroup = 62D9F1F02277F242007F1068 /* Products */;
			projectDirPath = "";
			projectRoot = "";
			targets = (
				62D9F1EE2277F242007F1068 /* TestDemo */,
			);
		};
/* End PBXProject section */

/* Begin PBXResourcesBuildPhase section */
		62D9F1ED2277F242007F1068 /* Resources */ = {
			isa = PBXResourcesBuildPhase;
			buildActionMask = 2147483647;
			files = (
				62D9F1FF2277F24B007F1068 /* LaunchScreen.storyboard in Resources */,
				62D8F3992292992600FBAFF6 /* SongListCollectionViewCell.xib in Resources */,
				62B7D546228D3A820057ECAC /* HSSetTableViewController.bundle in Resources */,
				62D9F1FC2277F24B007F1068 /* Assets.xcassets in Resources */,
				62D9F1FA2277F242007F1068 /* Main.storyboard in Resources */,
				62C5A9B22293D43E00ADA2B1 /* SongListDetailCell.xib in Resources */,
			);
			runOnlyForDeploymentPostprocessing = 0;
		};
/* End PBXResourcesBuildPhase section */

/* Begin PBXShellScriptBuildPhase section */
		82847B3F793C7B93DF8F11E7 /* [CP] Embed Pods Frameworks */ = {
			isa = PBXShellScriptBuildPhase;
			buildActionMask = 2147483647;
			files = (
			);
			inputFileListPaths = (
			);
			inputPaths = (
				"${PODS_ROOT}/Target Support Files/Pods-TestDemo/Pods-TestDemo-frameworks.sh",
				"${BUILT_PRODUCTS_DIR}/AFNetworking/AFNetworking.framework",
				"${BUILT_PRODUCTS_DIR}/CHGAdapter/CHGAdapter.framework",
				"${BUILT_PRODUCTS_DIR}/CYLTabBarController/CYLTabBarController.framework",
				"${BUILT_PRODUCTS_DIR}/DFPlayer/DFPlayer.framework",
				"${BUILT_PRODUCTS_DIR}/DZNEmptyDataSet/DZNEmptyDataSet.framework",
				"${BUILT_PRODUCTS_DIR}/JXBWebKit/JXBWebKit.framework",
				"${BUILT_PRODUCTS_DIR}/JXCategoryView/JXCategoryView.framework",
				"${BUILT_PRODUCTS_DIR}/MJExtension/MJExtension.framework",
				"${BUILT_PRODUCTS_DIR}/SDWebImage/SDWebImage.framework",
				"${BUILT_PRODUCTS_DIR}/XJScanQRCode/XJScanQRCode.framework",
				"${BUILT_PRODUCTS_DIR}/XJTools/XJTools.framework",
				"${BUILT_PRODUCTS_DIR}/XMNetworking/XMNetworking.framework",
				"${BUILT_PRODUCTS_DIR}/YYText/YYText.framework",
			);
			name = "[CP] Embed Pods Frameworks";
			outputFileListPaths = (
			);
			outputPaths = (
				"${TARGET_BUILD_DIR}/${FRAMEWORKS_FOLDER_PATH}/AFNetworking.framework",
				"${TARGET_BUILD_DIR}/${FRAMEWORKS_FOLDER_PATH}/CHGAdapter.framework",
				"${TARGET_BUILD_DIR}/${FRAMEWORKS_FOLDER_PATH}/CYLTabBarController.framework",
				"${TARGET_BUILD_DIR}/${FRAMEWORKS_FOLDER_PATH}/DFPlayer.framework",
				"${TARGET_BUILD_DIR}/${FRAMEWORKS_FOLDER_PATH}/DZNEmptyDataSet.framework",
				"${TARGET_BUILD_DIR}/${FRAMEWORKS_FOLDER_PATH}/JXBWebKit.framework",
				"${TARGET_BUILD_DIR}/${FRAMEWORKS_FOLDER_PATH}/JXCategoryView.framework",
				"${TARGET_BUILD_DIR}/${FRAMEWORKS_FOLDER_PATH}/MJExtension.framework",
				"${TARGET_BUILD_DIR}/${FRAMEWORKS_FOLDER_PATH}/SDWebImage.framework",
				"${TARGET_BUILD_DIR}/${FRAMEWORKS_FOLDER_PATH}/XJScanQRCode.framework",
				"${TARGET_BUILD_DIR}/${FRAMEWORKS_FOLDER_PATH}/XJTools.framework",
				"${TARGET_BUILD_DIR}/${FRAMEWORKS_FOLDER_PATH}/XMNetworking.framework",
				"${TARGET_BUILD_DIR}/${FRAMEWORKS_FOLDER_PATH}/YYText.framework",
			);
			runOnlyForDeploymentPostprocessing = 0;
			shellPath = /bin/sh;
			shellScript = "\"${PODS_ROOT}/Target Support Files/Pods-TestDemo/Pods-TestDemo-frameworks.sh\"\n";
			showEnvVarsInLog = 0;
		};
		FA6B839431EBA0142908B6E4 /* [CP] Check Pods Manifest.lock */ = {
			isa = PBXShellScriptBuildPhase;
			buildActionMask = 2147483647;
			files = (
			);
			inputFileListPaths = (
			);
			inputPaths = (
				"${PODS_PODFILE_DIR_PATH}/Podfile.lock",
				"${PODS_ROOT}/Manifest.lock",
			);
			name = "[CP] Check Pods Manifest.lock";
			outputFileListPaths = (
			);
			outputPaths = (
				"$(DERIVED_FILE_DIR)/Pods-TestDemo-checkManifestLockResult.txt",
			);
			runOnlyForDeploymentPostprocessing = 0;
			shellPath = /bin/sh;
			shellScript = "diff \"${PODS_PODFILE_DIR_PATH}/Podfile.lock\" \"${PODS_ROOT}/Manifest.lock\" > /dev/null\nif [ $? != 0 ] ; then\n    # print error to STDERR\n    echo \"error: The sandbox is not in sync with the Podfile.lock. Run 'pod install' or update your CocoaPods installation.\" >&2\n    exit 1\nfi\n# This output is used by Xcode 'outputs' to avoid re-running this script phase.\necho \"SUCCESS\" > \"${SCRIPT_OUTPUT_FILE_0}\"\n";
			showEnvVarsInLog = 0;
		};
/* End PBXShellScriptBuildPhase section */

/* Begin PBXSourcesBuildPhase section */
		62D9F1EB2277F242007F1068 /* Sources */ = {
			isa = PBXSourcesBuildPhase;
			buildActionMask = 2147483647;
			files = (
				62B7D567228D62800057ECAC /* XJCustomCell.m in Sources */,
				62D9F1F72277F242007F1068 /* ViewController.m in Sources */,
				62B7D552228D48C90057ECAC /* XJImageCellModel.m in Sources */,
				62B7D56D228D66260057ECAC /* MineHeaderCell.m in Sources */,
				62B7D558228D5D380057ECAC /* XJSwitchCellModel.m in Sources */,
				62C5A9B12293D43E00ADA2B1 /* SongListDetailCell.m in Sources */,
				62CBDE5F2284128700BB80E9 /* MineViewController.m in Sources */,
				62CBDE592284120500BB80E9 /* BaseViewController.m in Sources */,
				62CBDE68228412B100BB80E9 /* HomeViewController.m in Sources */,
				62B7D541228D31C10057ECAC /* CALayer+Addition.m in Sources */,
				62CBDE5C2284127200BB80E9 /* AudioPlayerViewController.m in Sources */,
				62B7D534228D04560057ECAC /* XJBaseCellModel.m in Sources */,
				62B7D55B228D5E7D0057ECAC /* XJSwitchCell.m in Sources */,
				62B7D538228D0CB50057ECAC /* XJBaseTableViewCell.m in Sources */,
				62D8F3982292992600FBAFF6 /* SongListCollectionViewCell.m in Sources */,
				62D8F3A12292A56300FBAFF6 /* SongListModel.m in Sources */,
				62D8F38F2292844500FBAFF6 /* SongListViewController.m in Sources */,
				62D9F2022277F24B007F1068 /* main.m in Sources */,
				62B7D549228D3CFB0057ECAC /* HSSetTableViewControllerConst.m in Sources */,
				62B7D570228D6AD80057ECAC /* MineHeaderModel.m in Sources */,
				62B7D54F228D44CA0057ECAC /* XJTitleCell.m in Sources */,
				6257CA3A228BBA400075E5CA /* VerificationCodeView.m in Sources */,
				62B7D555228D4B090057ECAC /* XJImageCell.m in Sources */,
				62B7D561228D5F000057ECAC /* XJTextCellModel.m in Sources */,
				62CBDE65228412A700BB80E9 /* MyAudioViewController.m in Sources */,
				62B7D564228D62630057ECAC /* XJCustomCellModel.m in Sources */,
				62B7D544228D390E0057ECAC /* XJTitleCellModel.m in Sources */,
				6257CA3D228BDEB40075E5CA /* PasswordView.m in Sources */,
				62CBDE4B22840D9100BB80E9 /* MainTabBarController.m in Sources */,
				62E1468A228E953E00BC7709 /* NetworkManager.m in Sources */,
				6257CA44228C13DA0075E5CA /* XJSetTableViewController.m in Sources */,
				62D8F3A52292AD5600FBAFF6 /* SongListDetailViewController.m in Sources */,
				62D8F39222928E6000FBAFF6 /* SingleSongListViewController.m in Sources */,
				62CBDE7022842C6D00BB80E9 /* LoginViewController.m in Sources */,
				62C5A9A72293CD8900ADA2B1 /* SongListDetailAdapter.m in Sources */,
				628DA9F3228BB6B400233CDF /* RegisterViewController.m in Sources */,
				62CBDE6C2284190C00BB80E9 /* CYLPlusButtonSubclass.m in Sources */,
				62D9F1F42277F242007F1068 /* AppDelegate.m in Sources */,
				62CBDE622284129000BB80E9 /* FindViewController.m in Sources */,
				62B7D55E228D5EDE0057ECAC /* XJTextCell.m in Sources */,
				62C5A9AA2293CD9F00ADA2B1 /* SongListDetailModel.m in Sources */,
			);
			runOnlyForDeploymentPostprocessing = 0;
		};
/* End PBXSourcesBuildPhase section */

/* Begin PBXVariantGroup section */
		62D9F1F82277F242007F1068 /* Main.storyboard */ = {
			isa = PBXVariantGroup;
			children = (
				62D9F1F92277F242007F1068 /* Base */,
			);
			name = Main.storyboard;
			sourceTree = "<group>";
		};
		62D9F1FD2277F24B007F1068 /* LaunchScreen.storyboard */ = {
			isa = PBXVariantGroup;
			children = (
				62D9F1FE2277F24B007F1068 /* Base */,
			);
			name = LaunchScreen.storyboard;
			sourceTree = "<group>";
		};
/* End PBXVariantGroup section */

/* Begin XCBuildConfiguration section */
		62D9F2032277F24B007F1068 /* Debug */ = {
			isa = XCBuildConfiguration;
			buildSettings = {
				ALWAYS_SEARCH_USER_PATHS = NO;
				CLANG_ANALYZER_NONNULL = YES;
				CLANG_ANALYZER_NUMBER_OBJECT_CONVERSION = YES_AGGRESSIVE;
				CLANG_CXX_LANGUAGE_STANDARD = "gnu++14";
				CLANG_CXX_LIBRARY = "libc++";
				CLANG_ENABLE_MODULES = YES;
				CLANG_ENABLE_OBJC_ARC = YES;
				CLANG_ENABLE_OBJC_WEAK = YES;
				CLANG_WARN_BLOCK_CAPTURE_AUTORELEASING = YES;
				CLANG_WARN_BOOL_CONVERSION = YES;
				CLANG_WARN_COMMA = YES;
				CLANG_WARN_CONSTANT_CONVERSION = YES;
				CLANG_WARN_DEPRECATED_OBJC_IMPLEMENTATIONS = YES;
				CLANG_WARN_DIRECT_OBJC_ISA_USAGE = YES_ERROR;
				CLANG_WARN_DOCUMENTATION_COMMENTS = YES;
				CLANG_WARN_EMPTY_BODY = YES;
				CLANG_WARN_ENUM_CONVERSION = YES;
				CLANG_WARN_INFINITE_RECURSION = YES;
				CLANG_WARN_INT_CONVERSION = YES;
				CLANG_WARN_NON_LITERAL_NULL_CONVERSION = YES;
				CLANG_WARN_OBJC_IMPLICIT_RETAIN_SELF = YES;
				CLANG_WARN_OBJC_LITERAL_CONVERSION = YES;
				CLANG_WARN_OBJC_ROOT_CLASS = YES_ERROR;
				CLANG_WARN_RANGE_LOOP_ANALYSIS = YES;
				CLANG_WARN_STRICT_PROTOTYPES = YES;
				CLANG_WARN_SUSPICIOUS_MOVE = YES;
				CLANG_WARN_UNGUARDED_AVAILABILITY = YES_AGGRESSIVE;
				CLANG_WARN_UNREACHABLE_CODE = YES;
				CLANG_WARN__DUPLICATE_METHOD_MATCH = YES;
				CODE_SIGN_IDENTITY = "iPhone Developer";
				COPY_PHASE_STRIP = NO;
				DEBUG_INFORMATION_FORMAT = dwarf;
				ENABLE_STRICT_OBJC_MSGSEND = YES;
				ENABLE_TESTABILITY = YES;
				GCC_C_LANGUAGE_STANDARD = gnu11;
				GCC_DYNAMIC_NO_PIC = NO;
				GCC_NO_COMMON_BLOCKS = YES;
				GCC_OPTIMIZATION_LEVEL = 0;
				GCC_PREPROCESSOR_DEFINITIONS = (
					"DEBUG=1",
					"$(inherited)",
				);
				GCC_WARN_64_TO_32_BIT_CONVERSION = YES;
				GCC_WARN_ABOUT_RETURN_TYPE = YES_ERROR;
				GCC_WARN_UNDECLARED_SELECTOR = YES;
				GCC_WARN_UNINITIALIZED_AUTOS = YES_AGGRESSIVE;
				GCC_WARN_UNUSED_FUNCTION = YES;
				GCC_WARN_UNUSED_VARIABLE = YES;
				IPHONEOS_DEPLOYMENT_TARGET = 12.2;
				MTL_ENABLE_DEBUG_INFO = INCLUDE_SOURCE;
				MTL_FAST_MATH = YES;
				ONLY_ACTIVE_ARCH = YES;
				SDKROOT = iphoneos;
			};
			name = Debug;
		};
		62D9F2042277F24B007F1068 /* Release */ = {
			isa = XCBuildConfiguration;
			buildSettings = {
				ALWAYS_SEARCH_USER_PATHS = NO;
				CLANG_ANALYZER_NONNULL = YES;
				CLANG_ANALYZER_NUMBER_OBJECT_CONVERSION = YES_AGGRESSIVE;
				CLANG_CXX_LANGUAGE_STANDARD = "gnu++14";
				CLANG_CXX_LIBRARY = "libc++";
				CLANG_ENABLE_MODULES = YES;
				CLANG_ENABLE_OBJC_ARC = YES;
				CLANG_ENABLE_OBJC_WEAK = YES;
				CLANG_WARN_BLOCK_CAPTURE_AUTORELEASING = YES;
				CLANG_WARN_BOOL_CONVERSION = YES;
				CLANG_WARN_COMMA = YES;
				CLANG_WARN_CONSTANT_CONVERSION = YES;
				CLANG_WARN_DEPRECATED_OBJC_IMPLEMENTATIONS = YES;
				CLANG_WARN_DIRECT_OBJC_ISA_USAGE = YES_ERROR;
				CLANG_WARN_DOCUMENTATION_COMMENTS = YES;
				CLANG_WARN_EMPTY_BODY = YES;
				CLANG_WARN_ENUM_CONVERSION = YES;
				CLANG_WARN_INFINITE_RECURSION = YES;
				CLANG_WARN_INT_CONVERSION = YES;
				CLANG_WARN_NON_LITERAL_NULL_CONVERSION = YES;
				CLANG_WARN_OBJC_IMPLICIT_RETAIN_SELF = YES;
				CLANG_WARN_OBJC_LITERAL_CONVERSION = YES;
				CLANG_WARN_OBJC_ROOT_CLASS = YES_ERROR;
				CLANG_WARN_RANGE_LOOP_ANALYSIS = YES;
				CLANG_WARN_STRICT_PROTOTYPES = YES;
				CLANG_WARN_SUSPICIOUS_MOVE = YES;
				CLANG_WARN_UNGUARDED_AVAILABILITY = YES_AGGRESSIVE;
				CLANG_WARN_UNREACHABLE_CODE = YES;
				CLANG_WARN__DUPLICATE_METHOD_MATCH = YES;
				CODE_SIGN_IDENTITY = "iPhone Developer";
				COPY_PHASE_STRIP = NO;
				DEBUG_INFORMATION_FORMAT = "dwarf-with-dsym";
				ENABLE_NS_ASSERTIONS = NO;
				ENABLE_STRICT_OBJC_MSGSEND = YES;
				GCC_C_LANGUAGE_STANDARD = gnu11;
				GCC_NO_COMMON_BLOCKS = YES;
				GCC_WARN_64_TO_32_BIT_CONVERSION = YES;
				GCC_WARN_ABOUT_RETURN_TYPE = YES_ERROR;
				GCC_WARN_UNDECLARED_SELECTOR = YES;
				GCC_WARN_UNINITIALIZED_AUTOS = YES_AGGRESSIVE;
				GCC_WARN_UNUSED_FUNCTION = YES;
				GCC_WARN_UNUSED_VARIABLE = YES;
				IPHONEOS_DEPLOYMENT_TARGET = 12.2;
				MTL_ENABLE_DEBUG_INFO = NO;
				MTL_FAST_MATH = YES;
				SDKROOT = iphoneos;
				VALIDATE_PRODUCT = YES;
			};
			name = Release;
		};
		62D9F2062277F24B007F1068 /* Debug */ = {
			isa = XCBuildConfiguration;
			baseConfigurationReference = 91AF616E64C313C914261D41 /* Pods-TestDemo.debug.xcconfig */;
			buildSettings = {
				ASSETCATALOG_COMPILER_APPICON_NAME = AppIcon;
				CODE_SIGN_STYLE = Automatic;
				GCC_PRECOMPILE_PREFIX_HEADER = YES;
				GCC_PREFIX_HEADER = "$(SRCROOT)/TestDemo/Resource/TestDemo.pch";
				INFOPLIST_FILE = "$(SRCROOT)/TestDemo/Resource/Info.plist";
				LD_RUNPATH_SEARCH_PATHS = (
					"$(inherited)",
					"@executable_path/Frameworks",
				);
				PRODUCT_BUNDLE_IDENTIFIER = LXJ.TestDemo;
				PRODUCT_NAME = "$(TARGET_NAME)";
				TARGETED_DEVICE_FAMILY = "1,2";
			};
			name = Debug;
		};
		62D9F2072277F24B007F1068 /* Release */ = {
			isa = XCBuildConfiguration;
			baseConfigurationReference = C2E764EABC299FC14EA0FE15 /* Pods-TestDemo.release.xcconfig */;
			buildSettings = {
				ASSETCATALOG_COMPILER_APPICON_NAME = AppIcon;
				CODE_SIGN_STYLE = Automatic;
				GCC_PRECOMPILE_PREFIX_HEADER = YES;
				GCC_PREFIX_HEADER = "$(SRCROOT)/TestDemo/Resource/TestDemo.pch";
				INFOPLIST_FILE = "$(SRCROOT)/TestDemo/Resource/Info.plist";
				LD_RUNPATH_SEARCH_PATHS = (
					"$(inherited)",
					"@executable_path/Frameworks",
				);
				PRODUCT_BUNDLE_IDENTIFIER = LXJ.TestDemo;
				PRODUCT_NAME = "$(TARGET_NAME)";
				TARGETED_DEVICE_FAMILY = "1,2";
			};
			name = Release;
		};
/* End XCBuildConfiguration section */

/* Begin XCConfigurationList section */
		62D9F1EA2277F242007F1068 /* Build configuration list for PBXProject "TestDemo" */ = {
			isa = XCConfigurationList;
			buildConfigurations = (
				62D9F2032277F24B007F1068 /* Debug */,
				62D9F2042277F24B007F1068 /* Release */,
			);
			defaultConfigurationIsVisible = 0;
			defaultConfigurationName = Release;
		};
		62D9F2052277F24B007F1068 /* Build configuration list for PBXNativeTarget "TestDemo" */ = {
			isa = XCConfigurationList;
			buildConfigurations = (
				62D9F2062277F24B007F1068 /* Debug */,
				62D9F2072277F24B007F1068 /* Release */,
			);
			defaultConfigurationIsVisible = 0;
			defaultConfigurationName = Release;
		};
/* End XCConfigurationList section */
	};
	rootObject = 62D9F1E72277F242007F1068 /* Project object */;
}
